
Microsoft Visual Studio Solution File, Format Version 12.00
# Visual Studio Version 17
VisualStudioVersion = 17.11.35312.102
MinimumVisualStudioVersion = 10.0.40219.1
Project("{FAE04EC0-301F-11D3-BF4B-00C04F79EFBC}") = "WaterBill ASM2", "WaterBill ASM2\WaterBill ASM2.csproj", "{811C00DF-A5FD-4256-A113-41A4558D2EB5}"
EndProject
Global
	GlobalSection(SolutionConfigurationPlatforms) = preSolution
		Debug|Any CPU = Debug|Any CPU
		Release|Any CPU = Release|Any CPU
	EndGlobalSection
	GlobalSection(ProjectConfigurationPlatforms) = postSolution
		{811C00DF-A5FD-4256-A113-41A4558D2EB5}.Debug|Any CPU.ActiveCfg = Debug|Any CPU
		{811C00DF-A5FD-4256-A113-41A4558D2EB5}.Debug|Any CPU.Build.0 = Debug|Any CPU
		{811C00DF-A5FD-4256-A113-41A4558D2EB5}.Release|Any CPU.ActiveCfg = Release|Any CPU
		{811C00DF-A5FD-4256-A113-41A4558D2EB5}.Release|Any CPU.Build.0 = Release|Any CPU
	EndGlobalSection
	GlobalSection(SolutionProperties) = preSolution
		HideSolutionNode = FALSE
	EndGlobalSection
	GlobalSection(ExtensibilityGlobals) = postSolution
		SolutionGuid = {F043D9AA-05F6-496D-AF79-AA6BD090A4CB}
	EndGlobalSection
EndGlobal
